// !$*UTF8*$!
{
	archiveVersion = 1;
	classes = {
	};
	objectVersion = 56;
	objects = {

/* Begin PBXBuildFile section */
		6893A4522C5FC1BB006044BE /* CollageView.swift in Sources */ = {isa = PBXBuildFile; fileRef = 6893A4512C5FC1BB006044BE /* CollageView.swift */; };
		84D4FB112C7EEF250001928D /* PhotoPickViewController.swift in Sources */ = {isa = PBXBuildFile; fileRef = 84D4FB102C7EEF250001928D /* PhotoPickViewController.swift */; };
		AA556E392C589ECE00948CCD /* UICollectionView+Extenion.swift in Sources */ = {isa = PBXBuildFile; fileRef = AA556E382C589ECE00948CCD /* UICollectionView+Extenion.swift */; };
		AA556E3B2C58A00200948CCD /* Reusable.swift in Sources */ = {isa = PBXBuildFile; fileRef = AA556E3A2C58A00200948CCD /* Reusable.swift */; };
		AA556E3D2C58A03400948CCD /* UICollectionViewCell.swift in Sources */ = {isa = PBXBuildFile; fileRef = AA556E3C2C58A03400948CCD /* UICollectionViewCell.swift */; };
		AA556E432C58A58700948CCD /* ImageListView.swift in Sources */ = {isa = PBXBuildFile; fileRef = AA556E422C58A58700948CCD /* ImageListView.swift */; };
		AA556E462C58A66900948CCD /* SnapKit in Frameworks */ = {isa = PBXBuildFile; productRef = AA556E452C58A66900948CCD /* SnapKit */; };
		AA556E4A2C58A6D000948CCD /* PHImage.swift in Sources */ = {isa = PBXBuildFile; fileRef = AA556E492C58A6D000948CCD /* PHImage.swift */; };
		AA556E4E2C58A7B700948CCD /* PHAssetManager.swift in Sources */ = {isa = PBXBuildFile; fileRef = AA556E4D2C58A7B700948CCD /* PHAssetManager.swift */; };
		AA556E502C58A81100948CCD /* PHAssetConfiguration.swift in Sources */ = {isa = PBXBuildFile; fileRef = AA556E4F2C58A81100948CCD /* PHAssetConfiguration.swift */; };
		AA556E522C58A84600948CCD /* AlbumVarieties.swift in Sources */ = {isa = PBXBuildFile; fileRef = AA556E512C58A84600948CCD /* AlbumVarieties.swift */; };
		AA556E542C58A88E00948CCD /* ImageListCollectionCell.swift in Sources */ = {isa = PBXBuildFile; fileRef = AA556E532C58A88E00948CCD /* ImageListCollectionCell.swift */; };
		AA556E562C58D49400948CCD /* AssetAlbum.swift in Sources */ = {isa = PBXBuildFile; fileRef = AA556E552C58D49400948CCD /* AssetAlbum.swift */; };
		AA556E582C58D4AD00948CCD /* String+Extension.swift in Sources */ = {isa = PBXBuildFile; fileRef = AA556E572C58D4AD00948CCD /* String+Extension.swift */; };
		AA830A962C5CE3EE00B9ABBF /* PhotoShape.swift in Sources */ = {isa = PBXBuildFile; fileRef = AA830A952C5CE3EE00B9ABBF /* PhotoShape.swift */; };
		AA830A982C5CE54C00B9ABBF /* PhotoEditViewController.swift in Sources */ = {isa = PBXBuildFile; fileRef = AA830A972C5CE54C00B9ABBF /* PhotoEditViewController.swift */; };
		AA830A9A2C5CEC4D00B9ABBF /* PhotoShapeCollectionCell.swift in Sources */ = {isa = PBXBuildFile; fileRef = AA830A992C5CEC4D00B9ABBF /* PhotoShapeCollectionCell.swift */; };
		AA830A9E2C5CF45500B9ABBF /* PhotoEditView.swift in Sources */ = {isa = PBXBuildFile; fileRef = AA830A9D2C5CF45400B9ABBF /* PhotoEditView.swift */; };
		AA830AA02C5CF83700B9ABBF /* VerticalCollageView.swift in Sources */ = {isa = PBXBuildFile; fileRef = AA830A9F2C5CF83700B9ABBF /* VerticalCollageView.swift */; };
		AA830AA22C5CF85100B9ABBF /* GridCollageView.swift in Sources */ = {isa = PBXBuildFile; fileRef = AA830AA12C5CF85100B9ABBF /* GridCollageView.swift */; };
		AA83A6592C57B19A008C14E3 /* AppDelegate.swift in Sources */ = {isa = PBXBuildFile; fileRef = AA83A6582C57B19A008C14E3 /* AppDelegate.swift */; };
		AA83A65D2C57B19A008C14E3 /* FrameSelectViewController.swift in Sources */ = {isa = PBXBuildFile; fileRef = AA83A65C2C57B19A008C14E3 /* FrameSelectViewController.swift */; };
		AA83A6602C57B19A008C14E3 /* Base in Resources */ = {isa = PBXBuildFile; fileRef = AA83A65F2C57B19A008C14E3 /* Base */; };
		AA83A6622C57B19C008C14E3 /* Assets.xcassets in Resources */ = {isa = PBXBuildFile; fileRef = AA83A6612C57B19C008C14E3 /* Assets.xcassets */; };
		AA83A6652C57B19C008C14E3 /* Base in Resources */ = {isa = PBXBuildFile; fileRef = AA83A6642C57B19C008C14E3 /* Base */; };
		E248F4422C6B2F73006E12E5 /* UIView+Extension.swift in Sources */ = {isa = PBXBuildFile; fileRef = E248F4412C6B2F73006E12E5 /* UIView+Extension.swift */; };
		E248F4442C6B324B006E12E5 /* UIViewController+Extension.swift in Sources */ = {isa = PBXBuildFile; fileRef = E248F4432C6B324B006E12E5 /* UIViewController+Extension.swift */; };
		E248F4462C72CDEC006E12E5 /* EditableImageView.swift in Sources */ = {isa = PBXBuildFile; fileRef = E248F4452C72CDEC006E12E5 /* EditableImageView.swift */; };
		E248F4482C72CE05006E12E5 /* ZoomableImageDelegate.swift in Sources */ = {isa = PBXBuildFile; fileRef = E248F4472C72CE05006E12E5 /* ZoomableImageDelegate.swift */; };
/* End PBXBuildFile section */

/* Begin PBXFileReference section */
		6893A4512C5FC1BB006044BE /* CollageView.swift */ = {isa = PBXFileReference; lastKnownFileType = sourcecode.swift; path = CollageView.swift; sourceTree = "<group>"; };
		84D4FB102C7EEF250001928D /* PhotoPickViewController.swift */ = {isa = PBXFileReference; lastKnownFileType = sourcecode.swift; path = PhotoPickViewController.swift; sourceTree = "<group>"; };
		AA556E382C589ECE00948CCD /* UICollectionView+Extenion.swift */ = {isa = PBXFileReference; lastKnownFileType = sourcecode.swift; path = "UICollectionView+Extenion.swift"; sourceTree = "<group>"; };
		AA556E3A2C58A00200948CCD /* Reusable.swift */ = {isa = PBXFileReference; lastKnownFileType = sourcecode.swift; path = Reusable.swift; sourceTree = "<group>"; };
		AA556E3C2C58A03400948CCD /* UICollectionViewCell.swift */ = {isa = PBXFileReference; lastKnownFileType = sourcecode.swift; path = UICollectionViewCell.swift; sourceTree = "<group>"; };
		AA556E422C58A58700948CCD /* ImageListView.swift */ = {isa = PBXFileReference; lastKnownFileType = sourcecode.swift; path = ImageListView.swift; sourceTree = "<group>"; };
		AA556E492C58A6D000948CCD /* PHImage.swift */ = {isa = PBXFileReference; lastKnownFileType = sourcecode.swift; path = PHImage.swift; sourceTree = "<group>"; };
		AA556E4D2C58A7B700948CCD /* PHAssetManager.swift */ = {isa = PBXFileReference; lastKnownFileType = sourcecode.swift; path = PHAssetManager.swift; sourceTree = "<group>"; };
		AA556E4F2C58A81100948CCD /* PHAssetConfiguration.swift */ = {isa = PBXFileReference; lastKnownFileType = sourcecode.swift; path = PHAssetConfiguration.swift; sourceTree = "<group>"; };
		AA556E512C58A84600948CCD /* AlbumVarieties.swift */ = {isa = PBXFileReference; lastKnownFileType = sourcecode.swift; path = AlbumVarieties.swift; sourceTree = "<group>"; };
		AA556E532C58A88E00948CCD /* ImageListCollectionCell.swift */ = {isa = PBXFileReference; lastKnownFileType = sourcecode.swift; path = ImageListCollectionCell.swift; sourceTree = "<group>"; };
		AA556E552C58D49400948CCD /* AssetAlbum.swift */ = {isa = PBXFileReference; lastKnownFileType = sourcecode.swift; path = AssetAlbum.swift; sourceTree = "<group>"; };
		AA556E572C58D4AD00948CCD /* String+Extension.swift */ = {isa = PBXFileReference; lastKnownFileType = sourcecode.swift; path = "String+Extension.swift"; sourceTree = "<group>"; };
		AA830A952C5CE3EE00B9ABBF /* PhotoShape.swift */ = {isa = PBXFileReference; lastKnownFileType = sourcecode.swift; path = PhotoShape.swift; sourceTree = "<group>"; };
		AA830A972C5CE54C00B9ABBF /* PhotoEditViewController.swift */ = {isa = PBXFileReference; lastKnownFileType = sourcecode.swift; path = PhotoEditViewController.swift; sourceTree = "<group>"; };
		AA830A992C5CEC4D00B9ABBF /* PhotoShapeCollectionCell.swift */ = {isa = PBXFileReference; lastKnownFileType = sourcecode.swift; path = PhotoShapeCollectionCell.swift; sourceTree = "<group>"; };
		AA830A9D2C5CF45400B9ABBF /* PhotoEditView.swift */ = {isa = PBXFileReference; lastKnownFileType = sourcecode.swift; path = PhotoEditView.swift; sourceTree = "<group>"; };
		AA830A9F2C5CF83700B9ABBF /* VerticalCollageView.swift */ = {isa = PBXFileReference; lastKnownFileType = sourcecode.swift; path = VerticalCollageView.swift; sourceTree = "<group>"; };
		AA830AA12C5CF85100B9ABBF /* GridCollageView.swift */ = {isa = PBXFileReference; lastKnownFileType = sourcecode.swift; path = GridCollageView.swift; sourceTree = "<group>"; };
		AA83A6552C57B19A008C14E3 /* GitCrop.app */ = {isa = PBXFileReference; explicitFileType = wrapper.application; includeInIndex = 0; path = GitCrop.app; sourceTree = BUILT_PRODUCTS_DIR; };
		AA83A6582C57B19A008C14E3 /* AppDelegate.swift */ = {isa = PBXFileReference; lastKnownFileType = sourcecode.swift; path = AppDelegate.swift; sourceTree = "<group>"; };
		AA83A65C2C57B19A008C14E3 /* FrameSelectViewController.swift */ = {isa = PBXFileReference; lastKnownFileType = sourcecode.swift; path = FrameSelectViewController.swift; sourceTree = "<group>"; };
		AA83A65F2C57B19A008C14E3 /* Base */ = {isa = PBXFileReference; lastKnownFileType = file.storyboard; name = Base; path = Base.lproj/Main.storyboard; sourceTree = "<group>"; };
		AA83A6612C57B19C008C14E3 /* Assets.xcassets */ = {isa = PBXFileReference; lastKnownFileType = folder.assetcatalog; path = Assets.xcassets; sourceTree = "<group>"; };
		AA83A6642C57B19C008C14E3 /* Base */ = {isa = PBXFileReference; lastKnownFileType = file.storyboard; name = Base; path = Base.lproj/LaunchScreen.storyboard; sourceTree = "<group>"; };
		AA83A6662C57B19C008C14E3 /* Info.plist */ = {isa = PBXFileReference; lastKnownFileType = text.plist.xml; path = Info.plist; sourceTree = "<group>"; };
		E248F4412C6B2F73006E12E5 /* UIView+Extension.swift */ = {isa = PBXFileReference; lastKnownFileType = sourcecode.swift; path = "UIView+Extension.swift"; sourceTree = "<group>"; };
		E248F4432C6B324B006E12E5 /* UIViewController+Extension.swift */ = {isa = PBXFileReference; lastKnownFileType = sourcecode.swift; path = "UIViewController+Extension.swift"; sourceTree = "<group>"; };
		E248F4452C72CDEC006E12E5 /* EditableImageView.swift */ = {isa = PBXFileReference; lastKnownFileType = sourcecode.swift; path = EditableImageView.swift; sourceTree = "<group>"; };
		E248F4472C72CE05006E12E5 /* ZoomableImageDelegate.swift */ = {isa = PBXFileReference; lastKnownFileType = sourcecode.swift; path = ZoomableImageDelegate.swift; sourceTree = "<group>"; };
/* End PBXFileReference section */

/* Begin PBXFrameworksBuildPhase section */
		AA83A6522C57B19A008C14E3 /* Frameworks */ = {
			isa = PBXFrameworksBuildPhase;
			buildActionMask = 2147483647;
			files = (
				AA556E462C58A66900948CCD /* SnapKit in Frameworks */,
			);
			runOnlyForDeploymentPostprocessing = 0;
		};
/* End PBXFrameworksBuildPhase section */

/* Begin PBXGroup section */
		84D4FB0F2C7EEEF80001928D /* Collage */ = {
			isa = PBXGroup;
			children = (
			);
			path = Collage;
			sourceTree = "<group>";
		};
		AA556E3E2C58A04400948CCD /* Extension */ = {
			isa = PBXGroup;
			children = (
				AA556E382C589ECE00948CCD /* UICollectionView+Extenion.swift */,
				AA556E572C58D4AD00948CCD /* String+Extension.swift */,
				AA556E3C2C58A03400948CCD /* UICollectionViewCell.swift */,
				E248F4412C6B2F73006E12E5 /* UIView+Extension.swift */,
				E248F4432C6B324B006E12E5 /* UIViewController+Extension.swift */,
			);
			path = Extension;
			sourceTree = "<group>";
		};
		AA556E3F2C58A05500948CCD /* Scene */ = {
			isa = PBXGroup;
			children = (
				AA83A6582C57B19A008C14E3 /* AppDelegate.swift */,
			);
			path = Scene;
			sourceTree = "<group>";
		};
		AA556E402C58A05D00948CCD /* View */ = {
			isa = PBXGroup;
			children = (
				AA830A9B2C5CF2EB00B9ABBF /* FrameSelect */,
				AA830A9C2C5CF2FB00B9ABBF /* PhotoEdit */,
			);
			path = View;
			sourceTree = "<group>";
		};
		AA556E412C58A0D100948CCD /* Define */ = {
			isa = PBXGroup;
			children = (
				AA556E3A2C58A00200948CCD /* Reusable.swift */,
				AA556E492C58A6D000948CCD /* PHImage.swift */,
				AA556E552C58D49400948CCD /* AssetAlbum.swift */,
				AA830A952C5CE3EE00B9ABBF /* PhotoShape.swift */,
			);
			path = Define;
			sourceTree = "<group>";
		};
		AA556E4C2C58A7AD00948CCD /* Manager */ = {
			isa = PBXGroup;
			children = (
				AA556E4D2C58A7B700948CCD /* PHAssetManager.swift */,
				AA556E4F2C58A81100948CCD /* PHAssetConfiguration.swift */,
				AA556E512C58A84600948CCD /* AlbumVarieties.swift */,
			);
			path = Manager;
			sourceTree = "<group>";
		};
		AA830A9B2C5CF2EB00B9ABBF /* FrameSelect */ = {
			isa = PBXGroup;
			children = (
				AA83A65C2C57B19A008C14E3 /* FrameSelectViewController.swift */,
				AA830A992C5CEC4D00B9ABBF /* PhotoShapeCollectionCell.swift */,
			);
			path = FrameSelect;
			sourceTree = "<group>";
		};
		AA830A9C2C5CF2FB00B9ABBF /* PhotoEdit */ = {
			isa = PBXGroup;
			children = (
				84D4FB0F2C7EEEF80001928D /* Collage */,
				AA830A972C5CE54C00B9ABBF /* PhotoEditViewController.swift */,
				84D4FB102C7EEF250001928D /* PhotoPickViewController.swift */,
				6893A4512C5FC1BB006044BE /* CollageView.swift */,
				AA830A9F2C5CF83700B9ABBF /* VerticalCollageView.swift */,
				AA830AA12C5CF85100B9ABBF /* GridCollageView.swift */,
				AA830A9D2C5CF45400B9ABBF /* PhotoEditView.swift */,
				AA556E422C58A58700948CCD /* ImageListView.swift */,
				AA556E532C58A88E00948CCD /* ImageListCollectionCell.swift */,
				E248F4452C72CDEC006E12E5 /* EditableImageView.swift */,
				E248F4472C72CE05006E12E5 /* ZoomableImageDelegate.swift */,
			);
			path = PhotoEdit;
			sourceTree = "<group>";
		};
		AA83A64C2C57B19A008C14E3 = {
			isa = PBXGroup;
			children = (
				AA83A6572C57B19A008C14E3 /* GitCrop */,
				AA83A6562C57B19A008C14E3 /* Products */,
			);
			sourceTree = "<group>";
		};
		AA83A6562C57B19A008C14E3 /* Products */ = {
			isa = PBXGroup;
			children = (
				AA83A6552C57B19A008C14E3 /* GitCrop.app */,
			);
			name = Products;
			sourceTree = "<group>";
		};
		AA83A6572C57B19A008C14E3 /* GitCrop */ = {
			isa = PBXGroup;
			children = (
				AA556E4C2C58A7AD00948CCD /* Manager */,
				AA556E412C58A0D100948CCD /* Define */,
				AA556E3F2C58A05500948CCD /* Scene */,
				AA556E402C58A05D00948CCD /* View */,
				AA556E3E2C58A04400948CCD /* Extension */,
				AA83A65E2C57B19A008C14E3 /* Main.storyboard */,
				AA83A6612C57B19C008C14E3 /* Assets.xcassets */,
				AA83A6632C57B19C008C14E3 /* LaunchScreen.storyboard */,
				AA83A6662C57B19C008C14E3 /* Info.plist */,
			);
			path = GitCrop;
			sourceTree = "<group>";
		};
/* End PBXGroup section */

/* Begin PBXNativeTarget section */
		AA83A6542C57B19A008C14E3 /* GitCrop */ = {
			isa = PBXNativeTarget;
			buildConfigurationList = AA83A6692C57B19C008C14E3 /* Build configuration list for PBXNativeTarget "GitCrop" */;
			buildPhases = (
				AA83A6512C57B19A008C14E3 /* Sources */,
				AA83A6522C57B19A008C14E3 /* Frameworks */,
				AA83A6532C57B19A008C14E3 /* Resources */,
			);
			buildRules = (
			);
			dependencies = (
			);
			name = GitCrop;
			packageProductDependencies = (
				AA556E452C58A66900948CCD /* SnapKit */,
			);
			productName = GitCrop;
			productReference = AA83A6552C57B19A008C14E3 /* GitCrop.app */;
			productType = "com.apple.product-type.application";
		};
/* End PBXNativeTarget section */

/* Begin PBXProject section */
		AA83A64D2C57B19A008C14E3 /* Project object */ = {
			isa = PBXProject;
			attributes = {
				BuildIndependentTargetsInParallel = 1;
				LastSwiftUpdateCheck = 1540;
				LastUpgradeCheck = 1540;
				TargetAttributes = {
					AA83A6542C57B19A008C14E3 = {
						CreatedOnToolsVersion = 15.4;
					};
				};
			};
			buildConfigurationList = AA83A6502C57B19A008C14E3 /* Build configuration list for PBXProject "GitCrop" */;
			compatibilityVersion = "Xcode 14.0";
			developmentRegion = en;
			hasScannedForEncodings = 0;
			knownRegions = (
				en,
				Base,
			);
			mainGroup = AA83A64C2C57B19A008C14E3;
			packageReferences = (
				AA556E442C58A66900948CCD /* XCRemoteSwiftPackageReference "SnapKit" */,
			);
			productRefGroup = AA83A6562C57B19A008C14E3 /* Products */;
			projectDirPath = "";
			projectRoot = "";
			targets = (
				AA83A6542C57B19A008C14E3 /* GitCrop */,
			);
		};
/* End PBXProject section */

/* Begin PBXResourcesBuildPhase section */
		AA83A6532C57B19A008C14E3 /* Resources */ = {
			isa = PBXResourcesBuildPhase;
			buildActionMask = 2147483647;
			files = (
				AA83A6622C57B19C008C14E3 /* Assets.xcassets in Resources */,
				AA83A6652C57B19C008C14E3 /* Base in Resources */,
				AA83A6602C57B19A008C14E3 /* Base in Resources */,
			);
			runOnlyForDeploymentPostprocessing = 0;
		};
/* End PBXResourcesBuildPhase section */

/* Begin PBXSourcesBuildPhase section */
		AA83A6512C57B19A008C14E3 /* Sources */ = {
			isa = PBXSourcesBuildPhase;
			buildActionMask = 2147483647;
			files = (
				AA556E392C589ECE00948CCD /* UICollectionView+Extenion.swift in Sources */,
				AA556E502C58A81100948CCD /* PHAssetConfiguration.swift in Sources */,
				AA556E522C58A84600948CCD /* AlbumVarieties.swift in Sources */,
				AA83A65D2C57B19A008C14E3 /* FrameSelectViewController.swift in Sources */,
				AA556E3D2C58A03400948CCD /* UICollectionViewCell.swift in Sources */,
				AA556E4A2C58A6D000948CCD /* PHImage.swift in Sources */,
				AA556E432C58A58700948CCD /* ImageListView.swift in Sources */,
				AA830A9A2C5CEC4D00B9ABBF /* PhotoShapeCollectionCell.swift in Sources */,
				AA830A982C5CE54C00B9ABBF /* PhotoEditViewController.swift in Sources */,
				AA556E562C58D49400948CCD /* AssetAlbum.swift in Sources */,
				AA830AA22C5CF85100B9ABBF /* GridCollageView.swift in Sources */,
				AA830A962C5CE3EE00B9ABBF /* PhotoShape.swift in Sources */,
				E248F4462C72CDEC006E12E5 /* EditableImageView.swift in Sources */,
				E248F4482C72CE05006E12E5 /* ZoomableImageDelegate.swift in Sources */,
				E248F4442C6B324B006E12E5 /* UIViewController+Extension.swift in Sources */,
				AA556E582C58D4AD00948CCD /* String+Extension.swift in Sources */,
				AA830AA02C5CF83700B9ABBF /* VerticalCollageView.swift in Sources */,
				AA556E542C58A88E00948CCD /* ImageListCollectionCell.swift in Sources */,
				E248F4422C6B2F73006E12E5 /* UIView+Extension.swift in Sources */,
				AA83A6592C57B19A008C14E3 /* AppDelegate.swift in Sources */,
				AA556E4E2C58A7B700948CCD /* PHAssetManager.swift in Sources */,
				AA830A9E2C5CF45500B9ABBF /* PhotoEditView.swift in Sources */,
				84D4FB112C7EEF250001928D /* PhotoPickViewController.swift in Sources */,
				6893A4522C5FC1BB006044BE /* CollageView.swift in Sources */,
				AA556E3B2C58A00200948CCD /* Reusable.swift in Sources */,
			);
			runOnlyForDeploymentPostprocessing = 0;
		};
/* End PBXSourcesBuildPhase section */

/* Begin PBXVariantGroup section */
		AA83A65E2C57B19A008C14E3 /* Main.storyboard */ = {
			isa = PBXVariantGroup;
			children = (
				AA83A65F2C57B19A008C14E3 /* Base */,
			);
			name = Main.storyboard;
			sourceTree = "<group>";
		};
		AA83A6632C57B19C008C14E3 /* LaunchScreen.storyboard */ = {
			isa = PBXVariantGroup;
			children = (
				AA83A6642C57B19C008C14E3 /* Base */,
			);
			name = LaunchScreen.storyboard;
			sourceTree = "<group>";
		};
/* End PBXVariantGroup section */

/* Begin XCBuildConfiguration section */
		AA83A6672C57B19C008C14E3 /* Debug */ = {
			isa = XCBuildConfiguration;
			buildSettings = {
				ALWAYS_SEARCH_USER_PATHS = NO;
				ASSETCATALOG_COMPILER_GENERATE_SWIFT_ASSET_SYMBOL_EXTENSIONS = YES;
				CLANG_ANALYZER_NONNULL = YES;
				CLANG_ANALYZER_NUMBER_OBJECT_CONVERSION = YES_AGGRESSIVE;
				CLANG_CXX_LANGUAGE_STANDARD = "gnu++20";
				CLANG_ENABLE_MODULES = YES;
				CLANG_ENABLE_OBJC_ARC = YES;
				CLANG_ENABLE_OBJC_WEAK = YES;
				CLANG_WARN_BLOCK_CAPTURE_AUTORELEASING = YES;
				CLANG_WARN_BOOL_CONVERSION = YES;
				CLANG_WARN_COMMA = YES;
				CLANG_WARN_CONSTANT_CONVERSION = YES;
				CLANG_WARN_DEPRECATED_OBJC_IMPLEMENTATIONS = YES;
				CLANG_WARN_DIRECT_OBJC_ISA_USAGE = YES_ERROR;
				CLANG_WARN_DOCUMENTATION_COMMENTS = YES;
				CLANG_WARN_EMPTY_BODY = YES;
				CLANG_WARN_ENUM_CONVERSION = YES;
				CLANG_WARN_INFINITE_RECURSION = YES;
				CLANG_WARN_INT_CONVERSION = YES;
				CLANG_WARN_NON_LITERAL_NULL_CONVERSION = YES;
				CLANG_WARN_OBJC_IMPLICIT_RETAIN_SELF = YES;
				CLANG_WARN_OBJC_LITERAL_CONVERSION = YES;
				CLANG_WARN_OBJC_ROOT_CLASS = YES_ERROR;
				CLANG_WARN_QUOTED_INCLUDE_IN_FRAMEWORK_HEADER = YES;
				CLANG_WARN_RANGE_LOOP_ANALYSIS = YES;
				CLANG_WARN_STRICT_PROTOTYPES = YES;
				CLANG_WARN_SUSPICIOUS_MOVE = YES;
				CLANG_WARN_UNGUARDED_AVAILABILITY = YES_AGGRESSIVE;
				CLANG_WARN_UNREACHABLE_CODE = YES;
				CLANG_WARN__DUPLICATE_METHOD_MATCH = YES;
				COPY_PHASE_STRIP = NO;
				DEBUG_INFORMATION_FORMAT = dwarf;
				ENABLE_STRICT_OBJC_MSGSEND = YES;
				ENABLE_TESTABILITY = YES;
				ENABLE_USER_SCRIPT_SANDBOXING = YES;
				GCC_C_LANGUAGE_STANDARD = gnu17;
				GCC_DYNAMIC_NO_PIC = NO;
				GCC_NO_COMMON_BLOCKS = YES;
				GCC_OPTIMIZATION_LEVEL = 0;
				GCC_PREPROCESSOR_DEFINITIONS = (
					"DEBUG=1",
					"$(inherited)",
				);
				GCC_WARN_64_TO_32_BIT_CONVERSION = YES;
				GCC_WARN_ABOUT_RETURN_TYPE = YES_ERROR;
				GCC_WARN_UNDECLARED_SELECTOR = YES;
				GCC_WARN_UNINITIALIZED_AUTOS = YES_AGGRESSIVE;
				GCC_WARN_UNUSED_FUNCTION = YES;
				GCC_WARN_UNUSED_VARIABLE = YES;
				IPHONEOS_DEPLOYMENT_TARGET = 15.0;
				LOCALIZATION_PREFERS_STRING_CATALOGS = YES;
				MTL_ENABLE_DEBUG_INFO = INCLUDE_SOURCE;
				MTL_FAST_MATH = YES;
				ONLY_ACTIVE_ARCH = YES;
				SDKROOT = iphoneos;
				SWIFT_ACTIVE_COMPILATION_CONDITIONS = "DEBUG $(inherited)";
				SWIFT_OPTIMIZATION_LEVEL = "-Onone";
			};
			name = Debug;
		};
		AA83A6682C57B19C008C14E3 /* Release */ = {
			isa = XCBuildConfiguration;
			buildSettings = {
				ALWAYS_SEARCH_USER_PATHS = NO;
				ASSETCATALOG_COMPILER_GENERATE_SWIFT_ASSET_SYMBOL_EXTENSIONS = YES;
				CLANG_ANALYZER_NONNULL = YES;
				CLANG_ANALYZER_NUMBER_OBJECT_CONVERSION = YES_AGGRESSIVE;
				CLANG_CXX_LANGUAGE_STANDARD = "gnu++20";
				CLANG_ENABLE_MODULES = YES;
				CLANG_ENABLE_OBJC_ARC = YES;
				CLANG_ENABLE_OBJC_WEAK = YES;
				CLANG_WARN_BLOCK_CAPTURE_AUTORELEASING = YES;
				CLANG_WARN_BOOL_CONVERSION = YES;
				CLANG_WARN_COMMA = YES;
				CLANG_WARN_CONSTANT_CONVERSION = YES;
				CLANG_WARN_DEPRECATED_OBJC_IMPLEMENTATIONS = YES;
				CLANG_WARN_DIRECT_OBJC_ISA_USAGE = YES_ERROR;
				CLANG_WARN_DOCUMENTATION_COMMENTS = YES;
				CLANG_WARN_EMPTY_BODY = YES;
				CLANG_WARN_ENUM_CONVERSION = YES;
				CLANG_WARN_INFINITE_RECURSION = YES;
				CLANG_WARN_INT_CONVERSION = YES;
				CLANG_WARN_NON_LITERAL_NULL_CONVERSION = YES;
				CLANG_WARN_OBJC_IMPLICIT_RETAIN_SELF = YES;
				CLANG_WARN_OBJC_LITERAL_CONVERSION = YES;
				CLANG_WARN_OBJC_ROOT_CLASS = YES_ERROR;
				CLANG_WARN_QUOTED_INCLUDE_IN_FRAMEWORK_HEADER = YES;
				CLANG_WARN_RANGE_LOOP_ANALYSIS = YES;
				CLANG_WARN_STRICT_PROTOTYPES = YES;
				CLANG_WARN_SUSPICIOUS_MOVE = YES;
				CLANG_WARN_UNGUARDED_AVAILABILITY = YES_AGGRESSIVE;
				CLANG_WARN_UNREACHABLE_CODE = YES;
				CLANG_WARN__DUPLICATE_METHOD_MATCH = YES;
				COPY_PHASE_STRIP = NO;
				DEBUG_INFORMATION_FORMAT = "dwarf-with-dsym";
				ENABLE_NS_ASSERTIONS = NO;
				ENABLE_STRICT_OBJC_MSGSEND = YES;
				ENABLE_USER_SCRIPT_SANDBOXING = YES;
				GCC_C_LANGUAGE_STANDARD = gnu17;
				GCC_NO_COMMON_BLOCKS = YES;
				GCC_WARN_64_TO_32_BIT_CONVERSION = YES;
				GCC_WARN_ABOUT_RETURN_TYPE = YES_ERROR;
				GCC_WARN_UNDECLARED_SELECTOR = YES;
				GCC_WARN_UNINITIALIZED_AUTOS = YES_AGGRESSIVE;
				GCC_WARN_UNUSED_FUNCTION = YES;
				GCC_WARN_UNUSED_VARIABLE = YES;
				IPHONEOS_DEPLOYMENT_TARGET = 15.0;
				LOCALIZATION_PREFERS_STRING_CATALOGS = YES;
				MTL_ENABLE_DEBUG_INFO = NO;
				MTL_FAST_MATH = YES;
				SDKROOT = iphoneos;
				SWIFT_COMPILATION_MODE = wholemodule;
				VALIDATE_PRODUCT = YES;
			};
			name = Release;
		};
		AA83A66A2C57B19C008C14E3 /* Debug */ = {
			isa = XCBuildConfiguration;
			buildSettings = {
				ASSETCATALOG_COMPILER_APPICON_NAME = AppIcon;
				ASSETCATALOG_COMPILER_GLOBAL_ACCENT_COLOR_NAME = AccentColor;
				CODE_SIGN_STYLE = Automatic;
				CURRENT_PROJECT_VERSION = 1;
				DEVELOPMENT_TEAM = RT3T8DHJJ3;
				GENERATE_INFOPLIST_FILE = YES;
				INFOPLIST_FILE = GitCrop/Info.plist;
				INFOPLIST_KEY_UIApplicationSupportsIndirectInputEvents = YES;
				INFOPLIST_KEY_UILaunchStoryboardName = LaunchScreen;
				INFOPLIST_KEY_UISupportedInterfaceOrientations_iPad = "UIInterfaceOrientationPortrait UIInterfaceOrientationPortraitUpsideDown UIInterfaceOrientationLandscapeLeft UIInterfaceOrientationLandscapeRight";
				INFOPLIST_KEY_UISupportedInterfaceOrientations_iPhone = "UIInterfaceOrientationPortrait UIInterfaceOrientationLandscapeLeft UIInterfaceOrientationLandscapeRight";
				LD_RUNPATH_SEARCH_PATHS = (
					"$(inherited)",
					"@executable_path/Frameworks",
				);
				MARKETING_VERSION = 1.0;
				PRODUCT_BUNDLE_IDENTIFIER = com.Git.GitCrop;
				PRODUCT_NAME = "$(TARGET_NAME)";
				SUPPORTED_PLATFORMS = "iphoneos iphonesimulator";
				SUPPORTS_MACCATALYST = NO;
				SUPPORTS_MAC_DESIGNED_FOR_IPHONE_IPAD = NO;
				SUPPORTS_XR_DESIGNED_FOR_IPHONE_IPAD = NO;
				SWIFT_EMIT_LOC_STRINGS = YES;
				SWIFT_VERSION = 5.0;
				TARGETED_DEVICE_FAMILY = "1,2";
			};
			name = Debug;
		};
		AA83A66B2C57B19C008C14E3 /* Release */ = {
			isa = XCBuildConfiguration;
			buildSettings = {
				ASSETCATALOG_COMPILER_APPICON_NAME = AppIcon;
				ASSETCATALOG_COMPILER_GLOBAL_ACCENT_COLOR_NAME = AccentColor;
				CODE_SIGN_STYLE = Automatic;
				CURRENT_PROJECT_VERSION = 1;
				DEVELOPMENT_TEAM = RT3T8DHJJ3;
				GENERATE_INFOPLIST_FILE = YES;
				INFOPLIST_FILE = GitCrop/Info.plist;
				INFOPLIST_KEY_UIApplicationSupportsIndirectInputEvents = YES;
				INFOPLIST_KEY_UILaunchStoryboardName = LaunchScreen;
				INFOPLIST_KEY_UISupportedInterfaceOrientations_iPad = "UIInterfaceOrientationPortrait UIInterfaceOrientationPortraitUpsideDown UIInterfaceOrientationLandscapeLeft UIInterfaceOrientationLandscapeRight";
				INFOPLIST_KEY_UISupportedInterfaceOrientations_iPhone = "UIInterfaceOrientationPortrait UIInterfaceOrientationLandscapeLeft UIInterfaceOrientationLandscapeRight";
				LD_RUNPATH_SEARCH_PATHS = (
					"$(inherited)",
					"@executable_path/Frameworks",
				);
				MARKETING_VERSION = 1.0;
				PRODUCT_BUNDLE_IDENTIFIER = com.Git.GitCrop;
				PRODUCT_NAME = "$(TARGET_NAME)";
				SUPPORTED_PLATFORMS = "iphoneos iphonesimulator";
				SUPPORTS_MACCATALYST = NO;
				SUPPORTS_MAC_DESIGNED_FOR_IPHONE_IPAD = NO;
				SUPPORTS_XR_DESIGNED_FOR_IPHONE_IPAD = NO;
				SWIFT_EMIT_LOC_STRINGS = YES;
				SWIFT_VERSION = 5.0;
				TARGETED_DEVICE_FAMILY = "1,2";
			};
			name = Release;
		};
/* End XCBuildConfiguration section */

/* Begin XCConfigurationList section */
		AA83A6502C57B19A008C14E3 /* Build configuration list for PBXProject "GitCrop" */ = {
			isa = XCConfigurationList;
			buildConfigurations = (
				AA83A6672C57B19C008C14E3 /* Debug */,
				AA83A6682C57B19C008C14E3 /* Release */,
			);
			defaultConfigurationIsVisible = 0;
			defaultConfigurationName = Release;
		};
		AA83A6692C57B19C008C14E3 /* Build configuration list for PBXNativeTarget "GitCrop" */ = {
			isa = XCConfigurationList;
			buildConfigurations = (
				AA83A66A2C57B19C008C14E3 /* Debug */,
				AA83A66B2C57B19C008C14E3 /* Release */,
			);
			defaultConfigurationIsVisible = 0;
			defaultConfigurationName = Release;
		};
/* End XCConfigurationList section */

/* Begin XCRemoteSwiftPackageReference section */
		AA556E442C58A66900948CCD /* XCRemoteSwiftPackageReference "SnapKit" */ = {
			isa = XCRemoteSwiftPackageReference;
			repositoryURL = "https://github.com/SnapKit/SnapKit.git";
			requirement = {
				kind = upToNextMajorVersion;
				minimumVersion = 5.7.1;
			};
		};
/* End XCRemoteSwiftPackageReference section */

/* Begin XCSwiftPackageProductDependency section */
		AA556E452C58A66900948CCD /* SnapKit */ = {
			isa = XCSwiftPackageProductDependency;
			package = AA556E442C58A66900948CCD /* XCRemoteSwiftPackageReference "SnapKit" */;
			productName = SnapKit;
		};
/* End XCSwiftPackageProductDependency section */
	};
	rootObject = AA83A64D2C57B19A008C14E3 /* Project object */;
}
